<?xml version="1.0" encoding="UTF-8"?>
<CodeBlocks_project_file>
	<FileVersion major="1" minor="6"/>
	<Project>
		<Option title="map"/>
		<Option makefile_is_custom="1"/>
		<Option compiler="gcc"/>
		<Option virtualFolders="CMake Files\;"/>
		<Build>
			<Target title="all">
				<Option working_dir="/home/alice/rendu/cpp_indie_studio/map"/>
				<Option type="4"/>
				<MakeCommands>
					<Build command="/usr/bin/make -j4 -f &quot;/home/alice/rendu/cpp_indie_studio/map/Makefile&quot;  VERBOSE=1 all"/>
					<CompileFile command="/usr/bin/make -j4 -f &quot;/home/alice/rendu/cpp_indie_studio/map/Makefile&quot;  VERBOSE=1 &quot;$file&quot;"/>
					<Clean command="/usr/bin/make -j4 -f &quot;/home/alice/rendu/cpp_indie_studio/map/Makefile&quot;  VERBOSE=1 clean"/>
					<DistClean command="/usr/bin/make -j4 -f &quot;/home/alice/rendu/cpp_indie_studio/map/Makefile&quot;  VERBOSE=1 clean"/>
				</MakeCommands>
			</Target>
			<Target title="rebuild_cache">
				<Option working_dir="/home/alice/rendu/cpp_indie_studio/map"/>
				<Option type="4"/>
				<MakeCommands>
					<Build command="/usr/bin/make -j4 -f &quot;/home/alice/rendu/cpp_indie_studio/map/Makefile&quot;  VERBOSE=1 rebuild_cache"/>
					<CompileFile command="/usr/bin/make -j4 -f &quot;/home/alice/rendu/cpp_indie_studio/map/Makefile&quot;  VERBOSE=1 &quot;$file&quot;"/>
					<Clean command="/usr/bin/make -j4 -f &quot;/home/alice/rendu/cpp_indie_studio/map/Makefile&quot;  VERBOSE=1 clean"/>
					<DistClean command="/usr/bin/make -j4 -f &quot;/home/alice/rendu/cpp_indie_studio/map/Makefile&quot;  VERBOSE=1 clean"/>
				</MakeCommands>
			</Target>
			<Target title="edit_cache">
				<Option working_dir="/home/alice/rendu/cpp_indie_studio/map"/>
				<Option type="4"/>
				<MakeCommands>
					<Build command="/usr/bin/make -j4 -f &quot;/home/alice/rendu/cpp_indie_studio/map/Makefile&quot;  VERBOSE=1 edit_cache"/>
					<CompileFile command="/usr/bin/make -j4 -f &quot;/home/alice/rendu/cpp_indie_studio/map/Makefile&quot;  VERBOSE=1 &quot;$file&quot;"/>
					<Clean command="/usr/bin/make -j4 -f &quot;/home/alice/rendu/cpp_indie_studio/map/Makefile&quot;  VERBOSE=1 clean"/>
					<DistClean command="/usr/bin/make -j4 -f &quot;/home/alice/rendu/cpp_indie_studio/map/Makefile&quot;  VERBOSE=1 clean"/>
				</MakeCommands>
			</Target>
			<Target title="cpp_indie_studio">
				<Option output="/home/alice/rendu/cpp_indie_studio/map/cpp_indie_studio" prefix_auto="0" extension_auto="0"/>
				<Option working_dir="/home/alice/rendu/cpp_indie_studio/map"/>
				<Option object_output="./"/>
				<Option type="1"/>
				<Option compiler="gcc"/>
				<Compiler>
					<Add directory="/home/alice/rendu/cpp_indie_studio/map/../irrlicht-1.8.4/include"/>
					<Add directory="/home/alice/rendu/cpp_indie_studio/map/../src"/>
					<Add directory="/home/alice/rendu/cpp_indie_studio/map/../Interface"/>
					<Add directory="/home/alice/rendu/cpp_indie_studio/map/."/>
					<Add directory="/home/alice/rendu/cpp_indie_studio/map/./include"/>
					<Add directory="/home/alice/rendu/cpp_indie_studio/map/../irrKlang-64bit-1.5.0/include"/>
					<Add directory="/usr/include/c++/6"/>
					<Add directory="/usr/include/x86_64-linux-gnu/c++/6"/>
					<Add directory="/usr/include/c++/6/backward"/>
					<Add directory="/usr/lib/gcc/x86_64-linux-gnu/6/include"/>
					<Add directory="/usr/local/include"/>
					<Add directory="/usr/lib/gcc/x86_64-linux-gnu/6/include-fixed"/>
					<Add directory="/usr/include/x86_64-linux-gnu"/>
					<Add directory="/usr/include"/>
				</Compiler>
				<MakeCommands>
					<Build command="/usr/bin/make -j4 -f &quot;/home/alice/rendu/cpp_indie_studio/map/Makefile&quot;  VERBOSE=1 cpp_indie_studio"/>
					<CompileFile command="/usr/bin/make -j4 -f &quot;/home/alice/rendu/cpp_indie_studio/map/Makefile&quot;  VERBOSE=1 &quot;$file&quot;"/>
					<Clean command="/usr/bin/make -j4 -f &quot;/home/alice/rendu/cpp_indie_studio/map/Makefile&quot;  VERBOSE=1 clean"/>
					<DistClean command="/usr/bin/make -j4 -f &quot;/home/alice/rendu/cpp_indie_studio/map/Makefile&quot;  VERBOSE=1 clean"/>
				</MakeCommands>
			</Target>
			<Target title="cpp_indie_studio/fast">
				<Option output="/home/alice/rendu/cpp_indie_studio/map/cpp_indie_studio" prefix_auto="0" extension_auto="0"/>
				<Option working_dir="/home/alice/rendu/cpp_indie_studio/map"/>
				<Option object_output="./"/>
				<Option type="1"/>
				<Option compiler="gcc"/>
				<Compiler>
					<Add directory="/home/alice/rendu/cpp_indie_studio/map/../irrlicht-1.8.4/include"/>
					<Add directory="/home/alice/rendu/cpp_indie_studio/map/../src"/>
					<Add directory="/home/alice/rendu/cpp_indie_studio/map/../Interface"/>
					<Add directory="/home/alice/rendu/cpp_indie_studio/map/."/>
					<Add directory="/home/alice/rendu/cpp_indie_studio/map/./include"/>
					<Add directory="/home/alice/rendu/cpp_indie_studio/map/../irrKlang-64bit-1.5.0/include"/>
					<Add directory="/usr/include/c++/6"/>
					<Add directory="/usr/include/x86_64-linux-gnu/c++/6"/>
					<Add directory="/usr/include/c++/6/backward"/>
					<Add directory="/usr/lib/gcc/x86_64-linux-gnu/6/include"/>
					<Add directory="/usr/local/include"/>
					<Add directory="/usr/lib/gcc/x86_64-linux-gnu/6/include-fixed"/>
					<Add directory="/usr/include/x86_64-linux-gnu"/>
					<Add directory="/usr/include"/>
				</Compiler>
				<MakeCommands>
					<Build command="/usr/bin/make -j4 -f &quot;/home/alice/rendu/cpp_indie_studio/map/Makefile&quot;  VERBOSE=1 cpp_indie_studio/fast"/>
					<CompileFile command="/usr/bin/make -j4 -f &quot;/home/alice/rendu/cpp_indie_studio/map/Makefile&quot;  VERBOSE=1 &quot;$file&quot;"/>
					<Clean command="/usr/bin/make -j4 -f &quot;/home/alice/rendu/cpp_indie_studio/map/Makefile&quot;  VERBOSE=1 clean"/>
					<DistClean command="/usr/bin/make -j4 -f &quot;/home/alice/rendu/cpp_indie_studio/map/Makefile&quot;  VERBOSE=1 clean"/>
				</MakeCommands>
			</Target>
		</Build>
		<Unit filename="/home/alice/rendu/cpp_indie_studio/map/include/Block.hpp">
			<Option target="cpp_indie_studio"/>
		</Unit>
		<Unit filename="/home/alice/rendu/cpp_indie_studio/map/include/Bombs.hpp">
			<Option target="cpp_indie_studio"/>
		</Unit>
		<Unit filename="/home/alice/rendu/cpp_indie_studio/map/include/Camera.hpp">
			<Option target="cpp_indie_studio"/>
		</Unit>
		<Unit filename="/home/alice/rendu/cpp_indie_studio/map/include/Fire.hpp">
			<Option target="cpp_indie_studio"/>
		</Unit>
		<Unit filename="/home/alice/rendu/cpp_indie_studio/map/include/Game.hpp">
			<Option target="cpp_indie_studio"/>
		</Unit>
		<Unit filename="/home/alice/rendu/cpp_indie_studio/map/include/ParseMap.hpp">
			<Option target="cpp_indie_studio"/>
		</Unit>
		<Unit filename="/home/alice/rendu/cpp_indie_studio/map/include/PlanetSystem.hpp">
			<Option target="cpp_indie_studio"/>
		</Unit>
		<Unit filename="/home/alice/rendu/cpp_indie_studio/map/include/PowerUp.hpp">
			<Option target="cpp_indie_studio"/>
		</Unit>
		<Unit filename="/home/alice/rendu/cpp_indie_studio/map/include/Sound.hpp">
			<Option target="cpp_indie_studio"/>
		</Unit>
		<Unit filename="/home/alice/rendu/cpp_indie_studio/map/include/Vector3d.hpp">
			<Option target="cpp_indie_studio"/>
		</Unit>
		<Unit filename="/home/alice/rendu/cpp_indie_studio/map/include/map.hpp">
			<Option target="cpp_indie_studio"/>
		</Unit>
		<Unit filename="/home/alice/rendu/cpp_indie_studio/map/srcs/Block.cpp">
			<Option target="cpp_indie_studio"/>
		</Unit>
		<Unit filename="/home/alice/rendu/cpp_indie_studio/map/srcs/Bombs.cpp">
			<Option target="cpp_indie_studio"/>
		</Unit>
		<Unit filename="/home/alice/rendu/cpp_indie_studio/map/srcs/BombsT.cpp">
			<Option target="cpp_indie_studio"/>
		</Unit>
		<Unit filename="/home/alice/rendu/cpp_indie_studio/map/srcs/BombsT.hpp">
			<Option target="cpp_indie_studio"/>
		</Unit>
		<Unit filename="/home/alice/rendu/cpp_indie_studio/map/srcs/Camera.cpp">
			<Option target="cpp_indie_studio"/>
		</Unit>
		<Unit filename="/home/alice/rendu/cpp_indie_studio/map/srcs/Character.cpp">
			<Option target="cpp_indie_studio"/>
		</Unit>
		<Unit filename="/home/alice/rendu/cpp_indie_studio/map/srcs/Fire.cpp">
			<Option target="cpp_indie_studio"/>
		</Unit>
		<Unit filename="/home/alice/rendu/cpp_indie_studio/map/srcs/Game.cpp">
			<Option target="cpp_indie_studio"/>
		</Unit>
		<Unit filename="/home/alice/rendu/cpp_indie_studio/map/srcs/GameEventReceiver.cpp">
			<Option target="cpp_indie_studio"/>
		</Unit>
		<Unit filename="/home/alice/rendu/cpp_indie_studio/map/srcs/ParseMap.cpp">
			<Option target="cpp_indie_studio"/>
		</Unit>
		<Unit filename="/home/alice/rendu/cpp_indie_studio/map/srcs/PlanetSystem.cpp">
			<Option target="cpp_indie_studio"/>
		</Unit>
		<Unit filename="/home/alice/rendu/cpp_indie_studio/map/srcs/PowerUp.cpp">
			<Option target="cpp_indie_studio"/>
		</Unit>
		<Unit filename="/home/alice/rendu/cpp_indie_studio/map/srcs/Sound.cpp">
			<Option target="cpp_indie_studio"/>
		</Unit>
		<Unit filename="/home/alice/rendu/cpp_indie_studio/map/srcs/Vector3d.cpp">
			<Option target="cpp_indie_studio"/>
		</Unit>
		<Unit filename="/home/alice/rendu/cpp_indie_studio/map/srcs/main.cpp">
			<Option target="cpp_indie_studio"/>
		</Unit>
		<Unit filename="/home/alice/rendu/cpp_indie_studio/map/srcs/map.cpp">
			<Option target="cpp_indie_studio"/>
		</Unit>
		<Unit filename="/home/alice/rendu/cpp_indie_studio/src/GameEngine.cpp">
			<Option target="cpp_indie_studio"/>
		</Unit>
		<Unit filename="/home/alice/rendu/cpp_indie_studio/src/GameEngine.hpp">
			<Option target="cpp_indie_studio"/>
		</Unit>
		<Unit filename="/home/alice/rendu/cpp_indie_studio/src/GameState.cpp">
			<Option target="cpp_indie_studio"/>
		</Unit>
		<Unit filename="/home/alice/rendu/cpp_indie_studio/src/GameState.hpp">
			<Option target="cpp_indie_studio"/>
		</Unit>
		<Unit filename="/home/alice/rendu/cpp_indie_studio/src/IndieStudioException.cpp">
			<Option target="cpp_indie_studio"/>
		</Unit>
		<Unit filename="/home/alice/rendu/cpp_indie_studio/src/IndieStudioException.hpp">
			<Option target="cpp_indie_studio"/>
		</Unit>
		<Unit filename="/home/alice/rendu/cpp_indie_studio/src/Options.cpp">
			<Option target="cpp_indie_studio"/>
		</Unit>
		<Unit filename="/home/alice/rendu/cpp_indie_studio/src/Options.hpp">
			<Option target="cpp_indie_studio"/>
		</Unit>
		<Unit filename="/home/alice/rendu/cpp_indie_studio/map/CMakeLists.txt">
			<Option virtualFolder="CMake Files\"/>
		</Unit>
	</Project>
</CodeBlocks_project_file>
